hash: 5dff15ae298ec9307315599a17fe5d95514db48d3f6684124329c506e689a47f
updated: 2017-08-21T08:34:32.715929127-05:00
imports:
- name: github.com/BurntSushi/toml
  version: b26d9c308763d68093482582cea63d69be07a0f0
- name: github.com/hashicorp/consul
  version: 75ca2cace08e38de8af1731ee8614d0533d5a4d4
  subpackages:
  - api
  - watch
- name: github.com/hashicorp/go-cleanhttp
  version: 3573b8b52aa7b37b9358d966a898feb387f62437
- name: github.com/hashicorp/go-rootcerts
  version: 6bb64b370b90e7ef1fa532be9e591a81c3493e00
- name: github.com/hashicorp/serf
  version: b84a66cc5575994cb672940d244a2404141688c0
  subpackages:
  - coordinate
- name: github.com/mitchellh/go-homedir
  version: b8bc1bf767474819792c23f32d8286a45736f1c6
- name: github.com/myENA/consultant
  version: 6e161aed862f04fcf59f6bc6f403160f68563ef7
- name: github.com/myENA/go-helpers
  version: 7d17a5f4b05cb1ecfe56203c0458e22d14fb4f45
- name: github.com/myENA/go-stdlogger
  version: 8db9487f39cfca4413eda7948dd5dcc3f1481dda
- name: github.com/pkg/errors
  version: c605e284fe17294bda444b34710735b29d1a9d90
- name: github.com/renstrom/shortuuid
  version: d728e00b727de969356736fabe7c6f405347a26c
- name: github.com/satori/go.uuid
  version: 5bf94b69c6b68ee1b541973bb8e1144db23a194b
testImports: []
